
Microsoft Visual Studio Solution File, Format Version 9.00
# Visual Studio 2005
Project("{E24C65DC-7377-472B-9ABA-BC803B73C61A}") = "C:\...\Izbornici\", "Izbornici", "{3D3ED88B-BF4E-4084-8E5F-B65A86BE926F}"
	ProjectSection(WebsiteProperties) = preProject
		SccProjectName = "SAK"
		SccAuxPath = "SAK"
		SccLocalPath = "SAK"
		SccProvider = "SAK"
		Debug.AspNetCompiler.VirtualPath = "/Izbornici"
		Debug.AspNetCompiler.PhysicalPath = "..\RPPP_Primjeri\Web\Izbornici\"
		Debug.AspNetCompiler.TargetPath = "PrecompiledWeb\Izbornici\"
		Debug.AspNetCompiler.Updateable = "true"
		Debug.AspNetCompiler.ForceOverwrite = "true"
		Debug.AspNetCompiler.FixedNames = "false"
		Debug.AspNetCompiler.Debug = "True"
		Release.AspNetCompiler.VirtualPath = "/Izbornici"
		Release.AspNetCompiler.PhysicalPath = "..\RPPP_Primjeri\Web\Izbornici\"
		Release.AspNetCompiler.TargetPath = "PrecompiledWeb\Izbornici\"
		Release.AspNetCompiler.Updateable = "true"
		Release.AspNetCompiler.ForceOverwrite = "true"
		Release.AspNetCompiler.FixedNames = "false"
		Release.AspNetCompiler.Debug = "False"
		VWDPort = "20099"
		DefaultWebSiteLanguage = "Visual C#"
	EndProjectSection
EndProject
Global
	GlobalSection(TeamFoundationVersionControl) = preSolution
		SccNumberOfProjects = 2
		SccEnterpriseProvider = {4CA58AB2-18FA-4F8D-95D4-32DDF27D184C}
		SccTeamFoundationServer = https://dellboy.zpr.fer.hr:8143/
		SccLocalPath0 = .
		SccWebProject1 = true
		SccProjectUniqueName1 = Izbornici
		SccLocalPath1 = .
		SccProjectFilePathRelativizedFromConnection1 = Izbornici\\
		SccProjectEnlistmentChoice1 = 2
	EndGlobalSection
	GlobalSection(SolutionConfigurationPlatforms) = preSolution
		Debug|.NET = Debug|.NET
	EndGlobalSection
	GlobalSection(ProjectConfigurationPlatforms) = postSolution
		{3D3ED88B-BF4E-4084-8E5F-B65A86BE926F}.Debug|.NET.ActiveCfg = Debug|.NET
		{3D3ED88B-BF4E-4084-8E5F-B65A86BE926F}.Debug|.NET.Build.0 = Debug|.NET
	EndGlobalSection
	GlobalSection(SolutionProperties) = preSolution
		HideSolutionNode = FALSE
	EndGlobalSection
EndGlobal
