
Microsoft Visual Studio Solution File, Format Version 9.00
# Visual Studio 2005
Project("{E24C65DC-7377-472B-9ABA-BC803B73C61A}") = "C:\...\MasterDetail\", "MasterDetail", "{47C93FC8-6CBD-4A20-90B0-A882D891C396}"
	ProjectSection(WebsiteProperties) = preProject
		SccProjectName = "SAK"
		SccAuxPath = "SAK"
		SccLocalPath = "SAK"
		SccProvider = "SAK"
		Debug.AspNetCompiler.VirtualPath = "/MasterDetail"
		Debug.AspNetCompiler.PhysicalPath = "..\RPPP_Primjeri\Web\MasterDetail\"
		Debug.AspNetCompiler.TargetPath = "PrecompiledWeb\MasterDetail\"
		Debug.AspNetCompiler.Updateable = "true"
		Debug.AspNetCompiler.ForceOverwrite = "true"
		Debug.AspNetCompiler.FixedNames = "false"
		Debug.AspNetCompiler.Debug = "True"
		Release.AspNetCompiler.VirtualPath = "/MasterDetail"
		Release.AspNetCompiler.PhysicalPath = "..\RPPP_Primjeri\Web\MasterDetail\"
		Release.AspNetCompiler.TargetPath = "PrecompiledWeb\MasterDetail\"
		Release.AspNetCompiler.Updateable = "true"
		Release.AspNetCompiler.ForceOverwrite = "true"
		Release.AspNetCompiler.FixedNames = "false"
		Release.AspNetCompiler.Debug = "False"
		VWDPort = "26177"
	EndProjectSection
EndProject
Global
	GlobalSection(TeamFoundationVersionControl) = preSolution
		SccNumberOfProjects = 2
		SccEnterpriseProvider = {4CA58AB2-18FA-4F8D-95D4-32DDF27D184C}
		SccTeamFoundationServer = https://dellboy.zpr.fer.hr:8143/
		SccWebProject0 = true
		SccProjectUniqueName0 = MasterDetail
		SccProjectName0 = MasterDetail
		SccLocalPath0 = MasterDetail
		SccProjectEnlistmentChoice0 = 2
		SccLocalPath1 = .
	EndGlobalSection
	GlobalSection(SolutionConfigurationPlatforms) = preSolution
		Debug|.NET = Debug|.NET
	EndGlobalSection
	GlobalSection(ProjectConfigurationPlatforms) = postSolution
		{47C93FC8-6CBD-4A20-90B0-A882D891C396}.Debug|.NET.ActiveCfg = Debug|.NET
		{47C93FC8-6CBD-4A20-90B0-A882D891C396}.Debug|.NET.Build.0 = Debug|.NET
	EndGlobalSection
	GlobalSection(SolutionProperties) = preSolution
		HideSolutionNode = FALSE
	EndGlobalSection
EndGlobal
