
Microsoft Visual Studio Solution File, Format Version 9.00
# Visual Studio 2005
Project("{FAE04EC0-301F-11D3-BF4B-00C04F79EFBC}") = "SortFilter", "SortFilter\SortFilter.csproj", "{61905799-3866-4CF7-AA80-14F2333F11CB}"
EndProject
Project("{FAE04EC0-301F-11D3-BF4B-00C04F79EFBC}") = "Drzava", "Drzava\Drzava.csproj", "{8B86ADFD-7AD4-4D53-8A89-E2D742C87087}"
EndProject
Project("{FAE04EC0-301F-11D3-BF4B-00C04F79EFBC}") = "Artikl", "Artikl\Artikl.csproj", "{E5F3A5F4-86E5-4B6B-BCB2-5F1061210D40}"
EndProject
Project("{FAE04EC0-301F-11D3-BF4B-00C04F79EFBC}") = "DokumentStavka", "DokumentStavka\DokumentStavka.csproj", "{A310D298-A060-4EEE-8FC2-AA13906C40AF}"
EndProject
Project("{FAE04EC0-301F-11D3-BF4B-00C04F79EFBC}") = "DatasetUntyped", "DataSetUntyped\DatasetUntyped.csproj", "{EE927C3E-5838-4F0F-B1F6-C10893EDE7C7}"
EndProject
Project("{FAE04EC0-301F-11D3-BF4B-00C04F79EFBC}") = "Transakcije", "Transakcije\Transakcije.csproj", "{9CD84731-0934-41DB-9CAA-44CF873B39F6}"
EndProject
Project("{FAE04EC0-301F-11D3-BF4B-00C04F79EFBC}") = "Upitnik", "Upitnik\Upitnik.csproj", "{7309AB9A-6F61-46D0-ACB7-4DDA9C4F11C2}"
EndProject
Global
	GlobalSection(TeamFoundationVersionControl) = preSolution
		SccNumberOfProjects = 8
		SccEnterpriseProvider = {4CA58AB2-18FA-4F8D-95D4-32DDF27D184C}
		SccTeamFoundationServer = https://dellboy.zpr.fer.hr:8143/
		SccLocalPath0 = .
		SccProjectUniqueName1 = SortFilter\\SortFilter.csproj
		SccProjectName1 = SortFilter
		SccLocalPath1 = SortFilter
		SccProjectUniqueName2 = Drzava\\Drzava.csproj
		SccProjectName2 = Drzava
		SccLocalPath2 = Drzava
		SccProjectUniqueName3 = Artikl\\Artikl.csproj
		SccProjectName3 = Artikl
		SccLocalPath3 = Artikl
		SccProjectUniqueName4 = DokumentStavka\\DokumentStavka.csproj
		SccProjectName4 = DokumentStavka
		SccLocalPath4 = DokumentStavka
		SccProjectUniqueName5 = DataSetUntyped\\DatasetUntyped.csproj
		SccProjectName5 = DataSetUntyped
		SccLocalPath5 = DataSetUntyped
		SccProjectUniqueName6 = Transakcije\\Transakcije.csproj
		SccProjectName6 = Transakcije
		SccLocalPath6 = Transakcije
		SccProjectUniqueName7 = Upitnik\\Upitnik.csproj
		SccProjectName7 = Upitnik
		SccLocalPath7 = Upitnik
	EndGlobalSection
	GlobalSection(SolutionConfigurationPlatforms) = preSolution
		Debug|Any CPU = Debug|Any CPU
		Release|Any CPU = Release|Any CPU
	EndGlobalSection
	GlobalSection(ProjectConfigurationPlatforms) = postSolution
		{61905799-3866-4CF7-AA80-14F2333F11CB}.Debug|Any CPU.ActiveCfg = Debug|Any CPU
		{61905799-3866-4CF7-AA80-14F2333F11CB}.Debug|Any CPU.Build.0 = Debug|Any CPU
		{61905799-3866-4CF7-AA80-14F2333F11CB}.Release|Any CPU.ActiveCfg = Release|Any CPU
		{61905799-3866-4CF7-AA80-14F2333F11CB}.Release|Any CPU.Build.0 = Release|Any CPU
		{8B86ADFD-7AD4-4D53-8A89-E2D742C87087}.Debug|Any CPU.ActiveCfg = Debug|Any CPU
		{8B86ADFD-7AD4-4D53-8A89-E2D742C87087}.Debug|Any CPU.Build.0 = Debug|Any CPU
		{8B86ADFD-7AD4-4D53-8A89-E2D742C87087}.Release|Any CPU.ActiveCfg = Release|Any CPU
		{8B86ADFD-7AD4-4D53-8A89-E2D742C87087}.Release|Any CPU.Build.0 = Release|Any CPU
		{E5F3A5F4-86E5-4B6B-BCB2-5F1061210D40}.Debug|Any CPU.ActiveCfg = Debug|Any CPU
		{E5F3A5F4-86E5-4B6B-BCB2-5F1061210D40}.Debug|Any CPU.Build.0 = Debug|Any CPU
		{E5F3A5F4-86E5-4B6B-BCB2-5F1061210D40}.Release|Any CPU.ActiveCfg = Release|Any CPU
		{E5F3A5F4-86E5-4B6B-BCB2-5F1061210D40}.Release|Any CPU.Build.0 = Release|Any CPU
		{A310D298-A060-4EEE-8FC2-AA13906C40AF}.Debug|Any CPU.ActiveCfg = Debug|Any CPU
		{A310D298-A060-4EEE-8FC2-AA13906C40AF}.Debug|Any CPU.Build.0 = Debug|Any CPU
		{A310D298-A060-4EEE-8FC2-AA13906C40AF}.Release|Any CPU.ActiveCfg = Release|Any CPU
		{A310D298-A060-4EEE-8FC2-AA13906C40AF}.Release|Any CPU.Build.0 = Release|Any CPU
		{EE927C3E-5838-4F0F-B1F6-C10893EDE7C7}.Debug|Any CPU.ActiveCfg = Debug|Any CPU
		{EE927C3E-5838-4F0F-B1F6-C10893EDE7C7}.Debug|Any CPU.Build.0 = Debug|Any CPU
		{EE927C3E-5838-4F0F-B1F6-C10893EDE7C7}.Release|Any CPU.ActiveCfg = Release|Any CPU
		{EE927C3E-5838-4F0F-B1F6-C10893EDE7C7}.Release|Any CPU.Build.0 = Release|Any CPU
		{9CD84731-0934-41DB-9CAA-44CF873B39F6}.Debug|Any CPU.ActiveCfg = Debug|Any CPU
		{9CD84731-0934-41DB-9CAA-44CF873B39F6}.Debug|Any CPU.Build.0 = Debug|Any CPU
		{9CD84731-0934-41DB-9CAA-44CF873B39F6}.Release|Any CPU.ActiveCfg = Release|Any CPU
		{9CD84731-0934-41DB-9CAA-44CF873B39F6}.Release|Any CPU.Build.0 = Release|Any CPU
		{7309AB9A-6F61-46D0-ACB7-4DDA9C4F11C2}.Debug|Any CPU.ActiveCfg = Debug|Any CPU
		{7309AB9A-6F61-46D0-ACB7-4DDA9C4F11C2}.Debug|Any CPU.Build.0 = Debug|Any CPU
		{7309AB9A-6F61-46D0-ACB7-4DDA9C4F11C2}.Release|Any CPU.ActiveCfg = Release|Any CPU
		{7309AB9A-6F61-46D0-ACB7-4DDA9C4F11C2}.Release|Any CPU.Build.0 = Release|Any CPU
	EndGlobalSection
	GlobalSection(SolutionProperties) = preSolution
		HideSolutionNode = FALSE
	EndGlobalSection
EndGlobal
