
Microsoft Visual Studio Solution File, Format Version 9.00
# Visual Studio 2005
Project("{FAE04EC0-301F-11D3-BF4B-00C04F79EFBC}") = "Import", "Import\Import.csproj", "{491F1125-E444-44D9-964A-B8F6B4515EE2}"
EndProject
Project("{FAE04EC0-301F-11D3-BF4B-00C04F79EFBC}") = "UserKontrola", "UserKontrola\UserKontrola.csproj", "{99E3A08D-09DA-4814-AFD8-63A9C30E8409}"
EndProject
Project("{FAE04EC0-301F-11D3-BF4B-00C04F79EFBC}") = "Tokenizer", "Tokenizer\Tokenizer.csproj", "{274B7517-AD9B-4702-AEA0-92250C2A50BD}"
EndProject
Global
	GlobalSection(TeamFoundationVersionControl) = preSolution
		SccNumberOfProjects = 4
		SccEnterpriseProvider = {4CA58AB2-18FA-4F8D-95D4-32DDF27D184C}
		SccTeamFoundationServer = https://dellboy.zpr.fer.hr:8143/
		SccLocalPath0 = .
		SccProjectUniqueName1 = Import\\Import.csproj
		SccProjectName1 = Import
		SccLocalPath1 = Import
		SccProjectUniqueName2 = UserKontrola\\UserKontrola.csproj
		SccProjectName2 = UserKontrola
		SccLocalPath2 = UserKontrola
		SccProjectUniqueName3 = Tokenizer\\Tokenizer.csproj
		SccProjectName3 = Tokenizer
		SccLocalPath3 = Tokenizer
	EndGlobalSection
	GlobalSection(SolutionConfigurationPlatforms) = preSolution
		Debug|Any CPU = Debug|Any CPU
		Release|Any CPU = Release|Any CPU
	EndGlobalSection
	GlobalSection(ProjectConfigurationPlatforms) = postSolution
		{491F1125-E444-44D9-964A-B8F6B4515EE2}.Debug|Any CPU.ActiveCfg = Debug|Any CPU
		{491F1125-E444-44D9-964A-B8F6B4515EE2}.Debug|Any CPU.Build.0 = Debug|Any CPU
		{491F1125-E444-44D9-964A-B8F6B4515EE2}.Release|Any CPU.ActiveCfg = Release|Any CPU
		{491F1125-E444-44D9-964A-B8F6B4515EE2}.Release|Any CPU.Build.0 = Release|Any CPU
		{99E3A08D-09DA-4814-AFD8-63A9C30E8409}.Debug|Any CPU.ActiveCfg = Debug|Any CPU
		{99E3A08D-09DA-4814-AFD8-63A9C30E8409}.Debug|Any CPU.Build.0 = Debug|Any CPU
		{99E3A08D-09DA-4814-AFD8-63A9C30E8409}.Release|Any CPU.ActiveCfg = Release|Any CPU
		{99E3A08D-09DA-4814-AFD8-63A9C30E8409}.Release|Any CPU.Build.0 = Release|Any CPU
		{274B7517-AD9B-4702-AEA0-92250C2A50BD}.Debug|Any CPU.ActiveCfg = Debug|Any CPU
		{274B7517-AD9B-4702-AEA0-92250C2A50BD}.Debug|Any CPU.Build.0 = Debug|Any CPU
		{274B7517-AD9B-4702-AEA0-92250C2A50BD}.Release|Any CPU.ActiveCfg = Release|Any CPU
		{274B7517-AD9B-4702-AEA0-92250C2A50BD}.Release|Any CPU.Build.0 = Release|Any CPU
	EndGlobalSection
	GlobalSection(SolutionProperties) = preSolution
		HideSolutionNode = FALSE
	EndGlobalSection
EndGlobal
